
Microsoft Visual Studio Solution File, Format Version 12.00
# Visual Studio 16
Project("{FAE04EC0-301F-11D3-BF4B-00C04F79EFBC}") = "Assembly-CSharp", "Assembly-CSharp.csproj", "{B7FDA0FF-E499-A32C-176C-047497C646A8}"
EndProject
Project("{FAE04EC0-301F-11D3-BF4B-00C04F79EFBC}") = "Assembly-CSharp-Editor", "Assembly-CSharp-Editor.csproj", "{13EADC3A-735E-D87C-64FF-75416401CB69}"
EndProject
Global
	GlobalSection(SolutionConfigurationPlatforms) = preSolution
		Debug|Any CPU = Debug|Any CPU
		Release|Any CPU = Release|Any CPU
	EndGlobalSection
	GlobalSection(ProjectConfigurationPlatforms) = postSolution
		{B7FDA0FF-E499-A32C-176C-047497C646A8}.Debug|Any CPU.ActiveCfg = Debug|Any CPU
		{B7FDA0FF-E499-A32C-176C-047497C646A8}.Debug|Any CPU.Build.0 = Debug|Any CPU
		{B7FDA0FF-E499-A32C-176C-047497C646A8}.Release|Any CPU.ActiveCfg = Release|Any CPU
		{B7FDA0FF-E499-A32C-176C-047497C646A8}.Release|Any CPU.Build.0 = Release|Any CPU
		{13EADC3A-735E-D87C-64FF-75416401CB69}.Debug|Any CPU.ActiveCfg = Debug|Any CPU
		{13EADC3A-735E-D87C-64FF-75416401CB69}.Debug|Any CPU.Build.0 = Debug|Any CPU
		{13EADC3A-735E-D87C-64FF-75416401CB69}.Release|Any CPU.ActiveCfg = Release|Any CPU
		{13EADC3A-735E-D87C-64FF-75416401CB69}.Release|Any CPU.Build.0 = Release|Any CPU
	EndGlobalSection
	GlobalSection(SolutionProperties) = preSolution
		HideSolutionNode = FALSE
	EndGlobalSection
EndGlobal
